
Microsoft Visual Studio Solution File, Format Version 12.00
# Visual Studio Version 16
VisualStudioVersion = 16.0.32106.194
MinimumVisualStudioVersion = 10.0.40219.1
Project("{9A19103F-16F7-4668-BE54-9A1E7A4F7556}") = "CatalogService", "CatalogService\CatalogService.csproj", "{CD71B9D5-BC79-44FD-8FDE-394717471B8F}"
EndProject
Project("{9A19103F-16F7-4668-BE54-9A1E7A4F7556}") = "APIGateway", "APIGateway\APIGateway.csproj", "{D9B959CC-7E97-4A2B-8EEA-58BC5BF5208F}"
EndProject
Project("{9A19103F-16F7-4668-BE54-9A1E7A4F7556}") = "OrderService", "OrderService\OrderService.csproj", "{0126C645-45B5-43E1-8009-D3FB3D48E712}"
EndProject
Project("{9A19103F-16F7-4668-BE54-9A1E7A4F7556}") = "InventoryService", "InventoryService\InventoryService.csproj", "{69FF47C2-DF86-4A9A-BCE0-E9144E5B57F8}"
EndProject
Project("{FAE04EC0-301F-11D3-BF4B-00C04F79EFBC}") = "CustomerService", "CustomerService\CustomerService.csproj", "{C92A8327-531D-4352-A260-C3D95869E5EE}"
EndProject
Global
	GlobalSection(SolutionConfigurationPlatforms) = preSolution
		Debug|Any CPU = Debug|Any CPU
		Release|Any CPU = Release|Any CPU
	EndGlobalSection
	GlobalSection(ProjectConfigurationPlatforms) = postSolution
		{CD71B9D5-BC79-44FD-8FDE-394717471B8F}.Debug|Any CPU.ActiveCfg = Debug|Any CPU
		{CD71B9D5-BC79-44FD-8FDE-394717471B8F}.Debug|Any CPU.Build.0 = Debug|Any CPU
		{CD71B9D5-BC79-44FD-8FDE-394717471B8F}.Release|Any CPU.ActiveCfg = Release|Any CPU
		{CD71B9D5-BC79-44FD-8FDE-394717471B8F}.Release|Any CPU.Build.0 = Release|Any CPU
		{D9B959CC-7E97-4A2B-8EEA-58BC5BF5208F}.Debug|Any CPU.ActiveCfg = Debug|Any CPU
		{D9B959CC-7E97-4A2B-8EEA-58BC5BF5208F}.Debug|Any CPU.Build.0 = Debug|Any CPU
		{D9B959CC-7E97-4A2B-8EEA-58BC5BF5208F}.Release|Any CPU.ActiveCfg = Release|Any CPU
		{D9B959CC-7E97-4A2B-8EEA-58BC5BF5208F}.Release|Any CPU.Build.0 = Release|Any CPU
		{0126C645-45B5-43E1-8009-D3FB3D48E712}.Debug|Any CPU.ActiveCfg = Debug|Any CPU
		{0126C645-45B5-43E1-8009-D3FB3D48E712}.Debug|Any CPU.Build.0 = Debug|Any CPU
		{0126C645-45B5-43E1-8009-D3FB3D48E712}.Release|Any CPU.ActiveCfg = Release|Any CPU
		{0126C645-45B5-43E1-8009-D3FB3D48E712}.Release|Any CPU.Build.0 = Release|Any CPU
		{69FF47C2-DF86-4A9A-BCE0-E9144E5B57F8}.Debug|Any CPU.ActiveCfg = Debug|Any CPU
		{69FF47C2-DF86-4A9A-BCE0-E9144E5B57F8}.Debug|Any CPU.Build.0 = Debug|Any CPU
		{69FF47C2-DF86-4A9A-BCE0-E9144E5B57F8}.Release|Any CPU.ActiveCfg = Release|Any CPU
		{69FF47C2-DF86-4A9A-BCE0-E9144E5B57F8}.Release|Any CPU.Build.0 = Release|Any CPU
		{C92A8327-531D-4352-A260-C3D95869E5EE}.Debug|Any CPU.ActiveCfg = Debug|Any CPU
		{C92A8327-531D-4352-A260-C3D95869E5EE}.Debug|Any CPU.Build.0 = Debug|Any CPU
		{C92A8327-531D-4352-A260-C3D95869E5EE}.Release|Any CPU.ActiveCfg = Release|Any CPU
		{C92A8327-531D-4352-A260-C3D95869E5EE}.Release|Any CPU.Build.0 = Release|Any CPU
	EndGlobalSection
	GlobalSection(SolutionProperties) = preSolution
		HideSolutionNode = FALSE
	EndGlobalSection
	GlobalSection(ExtensibilityGlobals) = postSolution
		SolutionGuid = {0363B0A3-31CC-4097-A1BA-E8D4E079F2A0}
	EndGlobalSection
EndGlobal
